{
  "name": "laser_game_server",
  "version": "1.0.0",
  "lockfileVersion": 1,
  "requires": true,
  "dependencies": {
    "@flatten-js/core": {
      "version": "1.2.17",
      "resolved": "https://registry.npmjs.org/@flatten-js/core/-/core-1.2.17.tgz",
      "integrity": "sha512-NPmzlUZfmyenv2XwZ9PmZvhB6MVlhs+6JZH5OANAaARfhRvnv3uRkNjpvI1bRKPls3RL9M27EoMIzhtlxdmXJg==",
      "requires": {
        "@flatten-js/interval-tree": "^1.0.13"
      }
    },
    "@flatten-js/interval-tree": {
      "version": "1.0.13",
      "resolved": "https://registry.npmjs.org/@flatten-js/interval-tree/-/interval-tree-1.0.13.tgz",
      "integrity": "sha512-5thHHdUZIRdPdEPx6G9tY6mHFMGoXsq9/ivemRszDcEkERXqlZAv+7NozaFbAUOvKXxyWoccSnLyjK0c5UWJeQ=="
    },
    "fs": {
      "version": "0.0.1-security",
      "resolved": "https://registry.npmjs.org/fs/-/fs-0.0.1-security.tgz",
      "integrity": "sha1-invTcYa23d84E/I4WLV+yq9eQdQ="
    }
  }
}
